
Microsoft Visual Studio Solution File, Format Version 12.00
# Visual Studio 15
VisualStudioVersion = 15.0.27004.2009
MinimumVisualStudioVersion = 10.0.40219.1
Project("{888888A0-9F3D-457C-B088-3A5042F75D52}") = "auth", "auth.pyproj", "{E0DCFA0D-8517-42DB-AE29-34726CFCAB41}"
EndProject
Global
	GlobalSection(SolutionConfigurationPlatforms) = preSolution
		Debug|Any CPU = Debug|Any CPU
		Release|Any CPU = Release|Any CPU
	EndGlobalSection
	GlobalSection(ProjectConfigurationPlatforms) = postSolution
		{E0DCFA0D-8517-42DB-AE29-34726CFCAB41}.Debug|Any CPU.ActiveCfg = Debug|Any CPU
		{E0DCFA0D-8517-42DB-AE29-34726CFCAB41}.Release|Any CPU.ActiveCfg = Release|Any CPU
	EndGlobalSection
	GlobalSection(SolutionProperties) = preSolution
		HideSolutionNode = FALSE
	EndGlobalSection
	GlobalSection(ExtensibilityGlobals) = postSolution
		SolutionGuid = {4673A186-EF24-4BA8-BFE0-4F23AC872D1A}
	EndGlobalSection
EndGlobal
